
Microsoft Visual Studio Solution File, Format Version 12.00
# Visual Studio Version 17
VisualStudioVersion = 17.9.34728.123
MinimumVisualStudioVersion = 10.0.40219.1
Project("{FAE04EC0-301F-11D3-BF4B-00C04F79EFBC}") = "ContosoPizza", "ContosoPizza\ContosoPizza.csproj", "{8D82A1A7-0329-443F-9869-5F4863F0994D}"
EndProject
Global
	GlobalSection(SolutionConfigurationPlatforms) = preSolution
		Debug|Any CPU = Debug|Any CPU
		Release|Any CPU = Release|Any CPU
	EndGlobalSection
	GlobalSection(ProjectConfigurationPlatforms) = postSolution
		{8D82A1A7-0329-443F-9869-5F4863F0994D}.Debug|Any CPU.ActiveCfg = Debug|Any CPU
		{8D82A1A7-0329-443F-9869-5F4863F0994D}.Debug|Any CPU.Build.0 = Debug|Any CPU
		{8D82A1A7-0329-443F-9869-5F4863F0994D}.Release|Any CPU.ActiveCfg = Release|Any CPU
		{8D82A1A7-0329-443F-9869-5F4863F0994D}.Release|Any CPU.Build.0 = Release|Any CPU
	EndGlobalSection
	GlobalSection(SolutionProperties) = preSolution
		HideSolutionNode = FALSE
	EndGlobalSection
	GlobalSection(ExtensibilityGlobals) = postSolution
		SolutionGuid = {E413AF64-183A-42ED-85F9-17B78E3E9D54}
	EndGlobalSection
EndGlobal
